// !$*UTF8*$!
{
	archiveVersion = 1;
	classes = {
	};
	objectVersion = 56;
	objects = {

/* Begin PBXBuildFile section */
		3A12E75B2BC63299006CC551 /* WebTechIOSAppApp.swift in Sources */ = {isa = PBXBuildFile; fileRef = 3A12E75A2BC63299006CC551 /* WebTechIOSAppApp.swift */; };
		3A12E75D2BC63299006CC551 /* ContentView.swift in Sources */ = {isa = PBXBuildFile; fileRef = 3A12E75C2BC63299006CC551 /* ContentView.swift */; };
		3A12E75F2BC6329C006CC551 /* Assets.xcassets in Resources */ = {isa = PBXBuildFile; fileRef = 3A12E75E2BC6329C006CC551 /* Assets.xcassets */; };
		3A12E7622BC6329C006CC551 /* Preview Assets.xcassets in Resources */ = {isa = PBXBuildFile; fileRef = 3A12E7612BC6329C006CC551 /* Preview Assets.xcassets */; };
		3A12E76C2BC6329D006CC551 /* WebTechIOSAppTests.swift in Sources */ = {isa = PBXBuildFile; fileRef = 3A12E76B2BC6329D006CC551 /* WebTechIOSAppTests.swift */; };
		3A12E7762BC6329D006CC551 /* WebTechIOSAppUITests.swift in Sources */ = {isa = PBXBuildFile; fileRef = 3A12E7752BC6329D006CC551 /* WebTechIOSAppUITests.swift */; };
		3A12E7782BC6329D006CC551 /* WebTechIOSAppUITestsLaunchTests.swift in Sources */ = {isa = PBXBuildFile; fileRef = 3A12E7772BC6329D006CC551 /* WebTechIOSAppUITestsLaunchTests.swift */; };
		3A12E7962BC6331C006CC551 /* StockDetailView.swift in Sources */ = {isa = PBXBuildFile; fileRef = 3A12E7912BC6331C006CC551 /* StockDetailView.swift */; };
		3A12E7972BC6331C006CC551 /* HomePageView.swift in Sources */ = {isa = PBXBuildFile; fileRef = 3A12E7922BC6331C006CC551 /* HomePageView.swift */; };
		3A12E7982BC6331C006CC551 /* FavouritesList.swift in Sources */ = {isa = PBXBuildFile; fileRef = 3A12E7932BC6331C006CC551 /* FavouritesList.swift */; };
		3A12E7992BC6331C006CC551 /* PortfolioListView.swift in Sources */ = {isa = PBXBuildFile; fileRef = 3A12E7942BC6331C006CC551 /* PortfolioListView.swift */; };
		3A12E79A2BC6331C006CC551 /* PortfolioDetail.swift in Sources */ = {isa = PBXBuildFile; fileRef = 3A12E7952BC6331C006CC551 /* PortfolioDetail.swift */; };
		3A12E79C2BC6332E006CC551 /* SearchResultsList.swift in Sources */ = {isa = PBXBuildFile; fileRef = 3A12E79B2BC6332E006CC551 /* SearchResultsList.swift */; };
		3A12E79E2BC63338006CC551 /* portfolioData.swift in Sources */ = {isa = PBXBuildFile; fileRef = 3A12E79D2BC63338006CC551 /* portfolioData.swift */; };
/* End PBXBuildFile section */

/* Begin PBXContainerItemProxy section */
		3A12E7682BC6329D006CC551 /* PBXContainerItemProxy */ = {
			isa = PBXContainerItemProxy;
			containerPortal = 3A12E74F2BC63299006CC551 /* Project object */;
			proxyType = 1;
			remoteGlobalIDString = 3A12E7562BC63299006CC551;
			remoteInfo = WebTechIOSApp;
		};
		3A12E7722BC6329D006CC551 /* PBXContainerItemProxy */ = {
			isa = PBXContainerItemProxy;
			containerPortal = 3A12E74F2BC63299006CC551 /* Project object */;
			proxyType = 1;
			remoteGlobalIDString = 3A12E7562BC63299006CC551;
			remoteInfo = WebTechIOSApp;
		};
/* End PBXContainerItemProxy section */

/* Begin PBXFileReference section */
		3A12E7572BC63299006CC551 /* WebTechIOSApp.app */ = {isa = PBXFileReference; explicitFileType = wrapper.application; includeInIndex = 0; path = WebTechIOSApp.app; sourceTree = BUILT_PRODUCTS_DIR; };
		3A12E75A2BC63299006CC551 /* WebTechIOSAppApp.swift */ = {isa = PBXFileReference; lastKnownFileType = sourcecode.swift; path = WebTechIOSAppApp.swift; sourceTree = "<group>"; };
		3A12E75C2BC63299006CC551 /* ContentView.swift */ = {isa = PBXFileReference; lastKnownFileType = sourcecode.swift; path = ContentView.swift; sourceTree = "<group>"; };
		3A12E75E2BC6329C006CC551 /* Assets.xcassets */ = {isa = PBXFileReference; lastKnownFileType = folder.assetcatalog; path = Assets.xcassets; sourceTree = "<group>"; };
		3A12E7612BC6329C006CC551 /* Preview Assets.xcassets */ = {isa = PBXFileReference; lastKnownFileType = folder.assetcatalog; path = "Preview Assets.xcassets"; sourceTree = "<group>"; };
		3A12E7672BC6329D006CC551 /* WebTechIOSAppTests.xctest */ = {isa = PBXFileReference; explicitFileType = wrapper.cfbundle; includeInIndex = 0; path = WebTechIOSAppTests.xctest; sourceTree = BUILT_PRODUCTS_DIR; };
		3A12E76B2BC6329D006CC551 /* WebTechIOSAppTests.swift */ = {isa = PBXFileReference; lastKnownFileType = sourcecode.swift; path = WebTechIOSAppTests.swift; sourceTree = "<group>"; };
		3A12E7712BC6329D006CC551 /* WebTechIOSAppUITests.xctest */ = {isa = PBXFileReference; explicitFileType = wrapper.cfbundle; includeInIndex = 0; path = WebTechIOSAppUITests.xctest; sourceTree = BUILT_PRODUCTS_DIR; };
		3A12E7752BC6329D006CC551 /* WebTechIOSAppUITests.swift */ = {isa = PBXFileReference; lastKnownFileType = sourcecode.swift; path = WebTechIOSAppUITests.swift; sourceTree = "<group>"; };
		3A12E7772BC6329D006CC551 /* WebTechIOSAppUITestsLaunchTests.swift */ = {isa = PBXFileReference; lastKnownFileType = sourcecode.swift; path = WebTechIOSAppUITestsLaunchTests.swift; sourceTree = "<group>"; };
		3A12E7912BC6331C006CC551 /* StockDetailView.swift */ = {isa = PBXFileReference; fileEncoding = 4; lastKnownFileType = sourcecode.swift; path = StockDetailView.swift; sourceTree = "<group>"; };
		3A12E7922BC6331C006CC551 /* HomePageView.swift */ = {isa = PBXFileReference; fileEncoding = 4; lastKnownFileType = sourcecode.swift; path = HomePageView.swift; sourceTree = "<group>"; };
		3A12E7932BC6331C006CC551 /* FavouritesList.swift */ = {isa = PBXFileReference; fileEncoding = 4; lastKnownFileType = sourcecode.swift; path = FavouritesList.swift; sourceTree = "<group>"; };
		3A12E7942BC6331C006CC551 /* PortfolioListView.swift */ = {isa = PBXFileReference; fileEncoding = 4; lastKnownFileType = sourcecode.swift; path = PortfolioListView.swift; sourceTree = "<group>"; };
		3A12E7952BC6331C006CC551 /* PortfolioDetail.swift */ = {isa = PBXFileReference; fileEncoding = 4; lastKnownFileType = sourcecode.swift; path = PortfolioDetail.swift; sourceTree = "<group>"; };
		3A12E79B2BC6332E006CC551 /* SearchResultsList.swift */ = {isa = PBXFileReference; fileEncoding = 4; lastKnownFileType = sourcecode.swift; path = SearchResultsList.swift; sourceTree = "<group>"; };
		3A12E79D2BC63338006CC551 /* portfolioData.swift */ = {isa = PBXFileReference; fileEncoding = 4; lastKnownFileType = sourcecode.swift; path = portfolioData.swift; sourceTree = "<group>"; };
/* End PBXFileReference section */

/* Begin PBXFrameworksBuildPhase section */
		3A12E7542BC63299006CC551 /* Frameworks */ = {
			isa = PBXFrameworksBuildPhase;
			buildActionMask = 2147483647;
			files = (
			);
			runOnlyForDeploymentPostprocessing = 0;
		};
		3A12E7642BC6329D006CC551 /* Frameworks */ = {
			isa = PBXFrameworksBuildPhase;
			buildActionMask = 2147483647;
			files = (
			);
			runOnlyForDeploymentPostprocessing = 0;
		};
		3A12E76E2BC6329D006CC551 /* Frameworks */ = {
			isa = PBXFrameworksBuildPhase;
			buildActionMask = 2147483647;
			files = (
			);
			runOnlyForDeploymentPostprocessing = 0;
		};
/* End PBXFrameworksBuildPhase section */

/* Begin PBXGroup section */
		3A12E74E2BC63299006CC551 = {
			isa = PBXGroup;
			children = (
				3A12E7592BC63299006CC551 /* WebTechIOSApp */,
				3A12E76A2BC6329D006CC551 /* WebTechIOSAppTests */,
				3A12E7742BC6329D006CC551 /* WebTechIOSAppUITests */,
				3A12E7582BC63299006CC551 /* Products */,
			);
			sourceTree = "<group>";
		};
		3A12E7582BC63299006CC551 /* Products */ = {
			isa = PBXGroup;
			children = (
				3A12E7572BC63299006CC551 /* WebTechIOSApp.app */,
				3A12E7672BC6329D006CC551 /* WebTechIOSAppTests.xctest */,
				3A12E7712BC6329D006CC551 /* WebTechIOSAppUITests.xctest */,
			);
			name = Products;
			sourceTree = "<group>";
		};
		3A12E7592BC63299006CC551 /* WebTechIOSApp */ = {
			isa = PBXGroup;
			children = (
				3A12E7862BC632C2006CC551 /* Resources */,
				3A12E7852BC632BA006CC551 /* Views */,
				3A12E7842BC632AD006CC551 /* Components */,
				3A12E75A2BC63299006CC551 /* WebTechIOSAppApp.swift */,
				3A12E75C2BC63299006CC551 /* ContentView.swift */,
				3A12E75E2BC6329C006CC551 /* Assets.xcassets */,
				3A12E7602BC6329C006CC551 /* Preview Content */,
			);
			path = WebTechIOSApp;
			sourceTree = "<group>";
		};
		3A12E7602BC6329C006CC551 /* Preview Content */ = {
			isa = PBXGroup;
			children = (
				3A12E7612BC6329C006CC551 /* Preview Assets.xcassets */,
			);
			path = "Preview Content";
			sourceTree = "<group>";
		};
		3A12E76A2BC6329D006CC551 /* WebTechIOSAppTests */ = {
			isa = PBXGroup;
			children = (
				3A12E76B2BC6329D006CC551 /* WebTechIOSAppTests.swift */,
			);
			path = WebTechIOSAppTests;
			sourceTree = "<group>";
		};
		3A12E7742BC6329D006CC551 /* WebTechIOSAppUITests */ = {
			isa = PBXGroup;
			children = (
				3A12E7752BC6329D006CC551 /* WebTechIOSAppUITests.swift */,
				3A12E7772BC6329D006CC551 /* WebTechIOSAppUITestsLaunchTests.swift */,
			);
			path = WebTechIOSAppUITests;
			sourceTree = "<group>";
		};
		3A12E7842BC632AD006CC551 /* Components */ = {
			isa = PBXGroup;
			children = (
				3A12E79B2BC6332E006CC551 /* SearchResultsList.swift */,
			);
			path = Components;
			sourceTree = "<group>";
		};
		3A12E7852BC632BA006CC551 /* Views */ = {
			isa = PBXGroup;
			children = (
				3A12E7932BC6331C006CC551 /* FavouritesList.swift */,
				3A12E7922BC6331C006CC551 /* HomePageView.swift */,
				3A12E7952BC6331C006CC551 /* PortfolioDetail.swift */,
				3A12E7942BC6331C006CC551 /* PortfolioListView.swift */,
				3A12E7912BC6331C006CC551 /* StockDetailView.swift */,
			);
			path = Views;
			sourceTree = "<group>";
		};
		3A12E7862BC632C2006CC551 /* Resources */ = {
			isa = PBXGroup;
			children = (
				3A12E79D2BC63338006CC551 /* portfolioData.swift */,
			);
			path = Resources;
			sourceTree = "<group>";
		};
/* End PBXGroup section */

/* Begin PBXNativeTarget section */
		3A12E7562BC63299006CC551 /* WebTechIOSApp */ = {
			isa = PBXNativeTarget;
			buildConfigurationList = 3A12E77B2BC6329D006CC551 /* Build configuration list for PBXNativeTarget "WebTechIOSApp" */;
			buildPhases = (
				3A12E7532BC63299006CC551 /* Sources */,
				3A12E7542BC63299006CC551 /* Frameworks */,
				3A12E7552BC63299006CC551 /* Resources */,
			);
			buildRules = (
			);
			dependencies = (
			);
			name = WebTechIOSApp;
			productName = WebTechIOSApp;
			productReference = 3A12E7572BC63299006CC551 /* WebTechIOSApp.app */;
			productType = "com.apple.product-type.application";
		};
		3A12E7662BC6329D006CC551 /* WebTechIOSAppTests */ = {
			isa = PBXNativeTarget;
			buildConfigurationList = 3A12E77E2BC6329D006CC551 /* Build configuration list for PBXNativeTarget "WebTechIOSAppTests" */;
			buildPhases = (
				3A12E7632BC6329D006CC551 /* Sources */,
				3A12E7642BC6329D006CC551 /* Frameworks */,
				3A12E7652BC6329D006CC551 /* Resources */,
			);
			buildRules = (
			);
			dependencies = (
				3A12E7692BC6329D006CC551 /* PBXTargetDependency */,
			);
			name = WebTechIOSAppTests;
			productName = WebTechIOSAppTests;
			productReference = 3A12E7672BC6329D006CC551 /* WebTechIOSAppTests.xctest */;
			productType = "com.apple.product-type.bundle.unit-test";
		};
		3A12E7702BC6329D006CC551 /* WebTechIOSAppUITests */ = {
			isa = PBXNativeTarget;
			buildConfigurationList = 3A12E7812BC6329D006CC551 /* Build configuration list for PBXNativeTarget "WebTechIOSAppUITests" */;
			buildPhases = (
				3A12E76D2BC6329D006CC551 /* Sources */,
				3A12E76E2BC6329D006CC551 /* Frameworks */,
				3A12E76F2BC6329D006CC551 /* Resources */,
			);
			buildRules = (
			);
			dependencies = (
				3A12E7732BC6329D006CC551 /* PBXTargetDependency */,
			);
			name = WebTechIOSAppUITests;
			productName = WebTechIOSAppUITests;
			productReference = 3A12E7712BC6329D006CC551 /* WebTechIOSAppUITests.xctest */;
			productType = "com.apple.product-type.bundle.ui-testing";
		};
/* End PBXNativeTarget section */

/* Begin PBXProject section */
		3A12E74F2BC63299006CC551 /* Project object */ = {
			isa = PBXProject;
			attributes = {
				BuildIndependentTargetsInParallel = 1;
				LastSwiftUpdateCheck = 1530;
				LastUpgradeCheck = 1530;
				TargetAttributes = {
					3A12E7562BC63299006CC551 = {
						CreatedOnToolsVersion = 15.3;
					};
					3A12E7662BC6329D006CC551 = {
						CreatedOnToolsVersion = 15.3;
						TestTargetID = 3A12E7562BC63299006CC551;
					};
					3A12E7702BC6329D006CC551 = {
						CreatedOnToolsVersion = 15.3;
						TestTargetID = 3A12E7562BC63299006CC551;
					};
				};
			};
			buildConfigurationList = 3A12E7522BC63299006CC551 /* Build configuration list for PBXProject "WebTechIOSApp" */;
			compatibilityVersion = "Xcode 14.0";
			developmentRegion = en;
			hasScannedForEncodings = 0;
			knownRegions = (
				en,
				Base,
			);
			mainGroup = 3A12E74E2BC63299006CC551;
			productRefGroup = 3A12E7582BC63299006CC551 /* Products */;
			projectDirPath = "";
			projectRoot = "";
			targets = (
				3A12E7562BC63299006CC551 /* WebTechIOSApp */,
				3A12E7662BC6329D006CC551 /* WebTechIOSAppTests */,
				3A12E7702BC6329D006CC551 /* WebTechIOSAppUITests */,
			);
		};
/* End PBXProject section */

/* Begin PBXResourcesBuildPhase section */
		3A12E7552BC63299006CC551 /* Resources */ = {
			isa = PBXResourcesBuildPhase;
			buildActionMask = 2147483647;
			files = (
				3A12E7622BC6329C006CC551 /* Preview Assets.xcassets in Resources */,
				3A12E75F2BC6329C006CC551 /* Assets.xcassets in Resources */,
			);
			runOnlyForDeploymentPostprocessing = 0;
		};
		3A12E7652BC6329D006CC551 /* Resources */ = {
			isa = PBXResourcesBuildPhase;
			buildActionMask = 2147483647;
			files = (
			);
			runOnlyForDeploymentPostprocessing = 0;
		};
		3A12E76F2BC6329D006CC551 /* Resources */ = {
			isa = PBXResourcesBuildPhase;
			buildActionMask = 2147483647;
			files = (
			);
			runOnlyForDeploymentPostprocessing = 0;
		};
/* End PBXResourcesBuildPhase section */

/* Begin PBXSourcesBuildPhase section */
		3A12E7532BC63299006CC551 /* Sources */ = {
			isa = PBXSourcesBuildPhase;
			buildActionMask = 2147483647;
			files = (
				3A12E75D2BC63299006CC551 /* ContentView.swift in Sources */,
				3A12E79A2BC6331C006CC551 /* PortfolioDetail.swift in Sources */,
				3A12E7982BC6331C006CC551 /* FavouritesList.swift in Sources */,
				3A12E7962BC6331C006CC551 /* StockDetailView.swift in Sources */,
				3A12E7972BC6331C006CC551 /* HomePageView.swift in Sources */,
				3A12E79E2BC63338006CC551 /* portfolioData.swift in Sources */,
				3A12E75B2BC63299006CC551 /* WebTechIOSAppApp.swift in Sources */,
				3A12E79C2BC6332E006CC551 /* SearchResultsList.swift in Sources */,
				3A12E7992BC6331C006CC551 /* PortfolioListView.swift in Sources */,
			);
			runOnlyForDeploymentPostprocessing = 0;
		};
		3A12E7632BC6329D006CC551 /* Sources */ = {
			isa = PBXSourcesBuildPhase;
			buildActionMask = 2147483647;
			files = (
				3A12E76C2BC6329D006CC551 /* WebTechIOSAppTests.swift in Sources */,
			);
			runOnlyForDeploymentPostprocessing = 0;
		};
		3A12E76D2BC6329D006CC551 /* Sources */ = {
			isa = PBXSourcesBuildPhase;
			buildActionMask = 2147483647;
			files = (
				3A12E7762BC6329D006CC551 /* WebTechIOSAppUITests.swift in Sources */,
				3A12E7782BC6329D006CC551 /* WebTechIOSAppUITestsLaunchTests.swift in Sources */,
			);
			runOnlyForDeploymentPostprocessing = 0;
		};
/* End PBXSourcesBuildPhase section */

/* Begin PBXTargetDependency section */
		3A12E7692BC6329D006CC551 /* PBXTargetDependency */ = {
			isa = PBXTargetDependency;
			target = 3A12E7562BC63299006CC551 /* WebTechIOSApp */;
			targetProxy = 3A12E7682BC6329D006CC551 /* PBXContainerItemProxy */;
		};
		3A12E7732BC6329D006CC551 /* PBXTargetDependency */ = {
			isa = PBXTargetDependency;
			target = 3A12E7562BC63299006CC551 /* WebTechIOSApp */;
			targetProxy = 3A12E7722BC6329D006CC551 /* PBXContainerItemProxy */;
		};
/* End PBXTargetDependency section */

/* Begin XCBuildConfiguration section */
		3A12E7792BC6329D006CC551 /* Debug */ = {
			isa = XCBuildConfiguration;
			buildSettings = {
				ALWAYS_SEARCH_USER_PATHS = NO;
				ASSETCATALOG_COMPILER_GENERATE_SWIFT_ASSET_SYMBOL_EXTENSIONS = YES;
				CLANG_ANALYZER_NONNULL = YES;
				CLANG_ANALYZER_NUMBER_OBJECT_CONVERSION = YES_AGGRESSIVE;
				CLANG_CXX_LANGUAGE_STANDARD = "gnu++20";
				CLANG_ENABLE_MODULES = YES;
				CLANG_ENABLE_OBJC_ARC = YES;
				CLANG_ENABLE_OBJC_WEAK = YES;
				CLANG_WARN_BLOCK_CAPTURE_AUTORELEASING = YES;
				CLANG_WARN_BOOL_CONVERSION = YES;
				CLANG_WARN_COMMA = YES;
				CLANG_WARN_CONSTANT_CONVERSION = YES;
				CLANG_WARN_DEPRECATED_OBJC_IMPLEMENTATIONS = YES;
				CLANG_WARN_DIRECT_OBJC_ISA_USAGE = YES_ERROR;
				CLANG_WARN_DOCUMENTATION_COMMENTS = YES;
				CLANG_WARN_EMPTY_BODY = YES;
				CLANG_WARN_ENUM_CONVERSION = YES;
				CLANG_WARN_INFINITE_RECURSION = YES;
				CLANG_WARN_INT_CONVERSION = YES;
				CLANG_WARN_NON_LITERAL_NULL_CONVERSION = YES;
				CLANG_WARN_OBJC_IMPLICIT_RETAIN_SELF = YES;
				CLANG_WARN_OBJC_LITERAL_CONVERSION = YES;
				CLANG_WARN_OBJC_ROOT_CLASS = YES_ERROR;
				CLANG_WARN_QUOTED_INCLUDE_IN_FRAMEWORK_HEADER = YES;
				CLANG_WARN_RANGE_LOOP_ANALYSIS = YES;
				CLANG_WARN_STRICT_PROTOTYPES = YES;
				CLANG_WARN_SUSPICIOUS_MOVE = YES;
				CLANG_WARN_UNGUARDED_AVAILABILITY = YES_AGGRESSIVE;
				CLANG_WARN_UNREACHABLE_CODE = YES;
				CLANG_WARN__DUPLICATE_METHOD_MATCH = YES;
				COPY_PHASE_STRIP = NO;
				DEBUG_INFORMATION_FORMAT = dwarf;
				ENABLE_STRICT_OBJC_MSGSEND = YES;
				ENABLE_TESTABILITY = YES;
				ENABLE_USER_SCRIPT_SANDBOXING = YES;
				GCC_C_LANGUAGE_STANDARD = gnu17;
				GCC_DYNAMIC_NO_PIC = NO;
				GCC_NO_COMMON_BLOCKS = YES;
				GCC_OPTIMIZATION_LEVEL = 0;
				GCC_PREPROCESSOR_DEFINITIONS = (
					"DEBUG=1",
					"$(inherited)",
				);
				GCC_WARN_64_TO_32_BIT_CONVERSION = YES;
				GCC_WARN_ABOUT_RETURN_TYPE = YES_ERROR;
				GCC_WARN_UNDECLARED_SELECTOR = YES;
				GCC_WARN_UNINITIALIZED_AUTOS = YES_AGGRESSIVE;
				GCC_WARN_UNUSED_FUNCTION = YES;
				GCC_WARN_UNUSED_VARIABLE = YES;
				IPHONEOS_DEPLOYMENT_TARGET = 17.4;
				LOCALIZATION_PREFERS_STRING_CATALOGS = YES;
				MTL_ENABLE_DEBUG_INFO = INCLUDE_SOURCE;
				MTL_FAST_MATH = YES;
				ONLY_ACTIVE_ARCH = YES;
				SDKROOT = iphoneos;
				SWIFT_ACTIVE_COMPILATION_CONDITIONS = "DEBUG $(inherited)";
				SWIFT_OPTIMIZATION_LEVEL = "-Onone";
			};
			name = Debug;
		};
		3A12E77A2BC6329D006CC551 /* Release */ = {
			isa = XCBuildConfiguration;
			buildSettings = {
				ALWAYS_SEARCH_USER_PATHS = NO;
				ASSETCATALOG_COMPILER_GENERATE_SWIFT_ASSET_SYMBOL_EXTENSIONS = YES;
				CLANG_ANALYZER_NONNULL = YES;
				CLANG_ANALYZER_NUMBER_OBJECT_CONVERSION = YES_AGGRESSIVE;
				CLANG_CXX_LANGUAGE_STANDARD = "gnu++20";
				CLANG_ENABLE_MODULES = YES;
				CLANG_ENABLE_OBJC_ARC = YES;
				CLANG_ENABLE_OBJC_WEAK = YES;
				CLANG_WARN_BLOCK_CAPTURE_AUTORELEASING = YES;
				CLANG_WARN_BOOL_CONVERSION = YES;
				CLANG_WARN_COMMA = YES;
				CLANG_WARN_CONSTANT_CONVERSION = YES;
				CLANG_WARN_DEPRECATED_OBJC_IMPLEMENTATIONS = YES;
				CLANG_WARN_DIRECT_OBJC_ISA_USAGE = YES_ERROR;
				CLANG_WARN_DOCUMENTATION_COMMENTS = YES;
				CLANG_WARN_EMPTY_BODY = YES;
				CLANG_WARN_ENUM_CONVERSION = YES;
				CLANG_WARN_INFINITE_RECURSION = YES;
				CLANG_WARN_INT_CONVERSION = YES;
				CLANG_WARN_NON_LITERAL_NULL_CONVERSION = YES;
				CLANG_WARN_OBJC_IMPLICIT_RETAIN_SELF = YES;
				CLANG_WARN_OBJC_LITERAL_CONVERSION = YES;
				CLANG_WARN_OBJC_ROOT_CLASS = YES_ERROR;
				CLANG_WARN_QUOTED_INCLUDE_IN_FRAMEWORK_HEADER = YES;
				CLANG_WARN_RANGE_LOOP_ANALYSIS = YES;
				CLANG_WARN_STRICT_PROTOTYPES = YES;
				CLANG_WARN_SUSPICIOUS_MOVE = YES;
				CLANG_WARN_UNGUARDED_AVAILABILITY = YES_AGGRESSIVE;
				CLANG_WARN_UNREACHABLE_CODE = YES;
				CLANG_WARN__DUPLICATE_METHOD_MATCH = YES;
				COPY_PHASE_STRIP = NO;
				DEBUG_INFORMATION_FORMAT = "dwarf-with-dsym";
				ENABLE_NS_ASSERTIONS = NO;
				ENABLE_STRICT_OBJC_MSGSEND = YES;
				ENABLE_USER_SCRIPT_SANDBOXING = YES;
				GCC_C_LANGUAGE_STANDARD = gnu17;
				GCC_NO_COMMON_BLOCKS = YES;
				GCC_WARN_64_TO_32_BIT_CONVERSION = YES;
				GCC_WARN_ABOUT_RETURN_TYPE = YES_ERROR;
				GCC_WARN_UNDECLARED_SELECTOR = YES;
				GCC_WARN_UNINITIALIZED_AUTOS = YES_AGGRESSIVE;
				GCC_WARN_UNUSED_FUNCTION = YES;
				GCC_WARN_UNUSED_VARIABLE = YES;
				IPHONEOS_DEPLOYMENT_TARGET = 17.4;
				LOCALIZATION_PREFERS_STRING_CATALOGS = YES;
				MTL_ENABLE_DEBUG_INFO = NO;
				MTL_FAST_MATH = YES;
				SDKROOT = iphoneos;
				SWIFT_COMPILATION_MODE = wholemodule;
				VALIDATE_PRODUCT = YES;
			};
			name = Release;
		};
		3A12E77C2BC6329D006CC551 /* Debug */ = {
			isa = XCBuildConfiguration;
			buildSettings = {
				ASSETCATALOG_COMPILER_APPICON_NAME = AppIcon;
				ASSETCATALOG_COMPILER_GLOBAL_ACCENT_COLOR_NAME = AccentColor;
				CODE_SIGN_STYLE = Automatic;
				CURRENT_PROJECT_VERSION = 1;
				DEVELOPMENT_ASSET_PATHS = "\"WebTechIOSApp/Preview Content\"";
				ENABLE_PREVIEWS = YES;
				GENERATE_INFOPLIST_FILE = YES;
				INFOPLIST_KEY_UIApplicationSceneManifest_Generation = YES;
				INFOPLIST_KEY_UIApplicationSupportsIndirectInputEvents = YES;
				INFOPLIST_KEY_UILaunchScreen_Generation = YES;
				INFOPLIST_KEY_UISupportedInterfaceOrientations_iPad = "UIInterfaceOrientationPortrait UIInterfaceOrientationPortraitUpsideDown UIInterfaceOrientationLandscapeLeft UIInterfaceOrientationLandscapeRight";
				INFOPLIST_KEY_UISupportedInterfaceOrientations_iPhone = "UIInterfaceOrientationPortrait UIInterfaceOrientationLandscapeLeft UIInterfaceOrientationLandscapeRight";
				LD_RUNPATH_SEARCH_PATHS = (
					"$(inherited)",
					"@executable_path/Frameworks",
				);
				MARKETING_VERSION = 1.0;
				PRODUCT_BUNDLE_IDENTIFIER = com.harsh3401.WebTechIOSApp;
				PRODUCT_NAME = "$(TARGET_NAME)";
				SWIFT_EMIT_LOC_STRINGS = YES;
				SWIFT_VERSION = 5.0;
				TARGETED_DEVICE_FAMILY = "1,2";
			};
			name = Debug;
		};
		3A12E77D2BC6329D006CC551 /* Release */ = {
			isa = XCBuildConfiguration;
			buildSettings = {
				ASSETCATALOG_COMPILER_APPICON_NAME = AppIcon;
				ASSETCATALOG_COMPILER_GLOBAL_ACCENT_COLOR_NAME = AccentColor;
				CODE_SIGN_STYLE = Automatic;
				CURRENT_PROJECT_VERSION = 1;
				DEVELOPMENT_ASSET_PATHS = "\"WebTechIOSApp/Preview Content\"";
				ENABLE_PREVIEWS = YES;
				GENERATE_INFOPLIST_FILE = YES;
				INFOPLIST_KEY_UIApplicationSceneManifest_Generation = YES;
				INFOPLIST_KEY_UIApplicationSupportsIndirectInputEvents = YES;
				INFOPLIST_KEY_UILaunchScreen_Generation = YES;
				INFOPLIST_KEY_UISupportedInterfaceOrientations_iPad = "UIInterfaceOrientationPortrait UIInterfaceOrientationPortraitUpsideDown UIInterfaceOrientationLandscapeLeft UIInterfaceOrientationLandscapeRight";
				INFOPLIST_KEY_UISupportedInterfaceOrientations_iPhone = "UIInterfaceOrientationPortrait UIInterfaceOrientationLandscapeLeft UIInterfaceOrientationLandscapeRight";
				LD_RUNPATH_SEARCH_PATHS = (
					"$(inherited)",
					"@executable_path/Frameworks",
				);
				MARKETING_VERSION = 1.0;
				PRODUCT_BUNDLE_IDENTIFIER = com.harsh3401.WebTechIOSApp;
				PRODUCT_NAME = "$(TARGET_NAME)";
				SWIFT_EMIT_LOC_STRINGS = YES;
				SWIFT_VERSION = 5.0;
				TARGETED_DEVICE_FAMILY = "1,2";
			};
			name = Release;
		};
		3A12E77F2BC6329D006CC551 /* Debug */ = {
			isa = XCBuildConfiguration;
			buildSettings = {
				ALWAYS_EMBED_SWIFT_STANDARD_LIBRARIES = YES;
				BUNDLE_LOADER = "$(TEST_HOST)";
				CODE_SIGN_STYLE = Automatic;
				CURRENT_PROJECT_VERSION = 1;
				GENERATE_INFOPLIST_FILE = YES;
				IPHONEOS_DEPLOYMENT_TARGET = 17.4;
				MARKETING_VERSION = 1.0;
				PRODUCT_BUNDLE_IDENTIFIER = com.harsh3401.WebTechIOSAppTests;
				PRODUCT_NAME = "$(TARGET_NAME)";
				SWIFT_EMIT_LOC_STRINGS = NO;
				SWIFT_VERSION = 5.0;
				TARGETED_DEVICE_FAMILY = "1,2";
				TEST_HOST = "$(BUILT_PRODUCTS_DIR)/WebTechIOSApp.app/$(BUNDLE_EXECUTABLE_FOLDER_PATH)/WebTechIOSApp";
			};
			name = Debug;
		};
		3A12E7802BC6329D006CC551 /* Release */ = {
			isa = XCBuildConfiguration;
			buildSettings = {
				ALWAYS_EMBED_SWIFT_STANDARD_LIBRARIES = YES;
				BUNDLE_LOADER = "$(TEST_HOST)";
				CODE_SIGN_STYLE = Automatic;
				CURRENT_PROJECT_VERSION = 1;
				GENERATE_INFOPLIST_FILE = YES;
				IPHONEOS_DEPLOYMENT_TARGET = 17.4;
				MARKETING_VERSION = 1.0;
				PRODUCT_BUNDLE_IDENTIFIER = com.harsh3401.WebTechIOSAppTests;
				PRODUCT_NAME = "$(TARGET_NAME)";
				SWIFT_EMIT_LOC_STRINGS = NO;
				SWIFT_VERSION = 5.0;
				TARGETED_DEVICE_FAMILY = "1,2";
				TEST_HOST = "$(BUILT_PRODUCTS_DIR)/WebTechIOSApp.app/$(BUNDLE_EXECUTABLE_FOLDER_PATH)/WebTechIOSApp";
			};
			name = Release;
		};
		3A12E7822BC6329D006CC551 /* Debug */ = {
			isa = XCBuildConfiguration;
			buildSettings = {
				ALWAYS_EMBED_SWIFT_STANDARD_LIBRARIES = YES;
				CODE_SIGN_STYLE = Automatic;
				CURRENT_PROJECT_VERSION = 1;
				GENERATE_INFOPLIST_FILE = YES;
				MARKETING_VERSION = 1.0;
				PRODUCT_BUNDLE_IDENTIFIER = com.harsh3401.WebTechIOSAppUITests;
				PRODUCT_NAME = "$(TARGET_NAME)";
				SWIFT_EMIT_LOC_STRINGS = NO;
				SWIFT_VERSION = 5.0;
				TARGETED_DEVICE_FAMILY = "1,2";
				TEST_TARGET_NAME = WebTechIOSApp;
			};
			name = Debug;
		};
		3A12E7832BC6329D006CC551 /* Release */ = {
			isa = XCBuildConfiguration;
			buildSettings = {
				ALWAYS_EMBED_SWIFT_STANDARD_LIBRARIES = YES;
				CODE_SIGN_STYLE = Automatic;
				CURRENT_PROJECT_VERSION = 1;
				GENERATE_INFOPLIST_FILE = YES;
				MARKETING_VERSION = 1.0;
				PRODUCT_BUNDLE_IDENTIFIER = com.harsh3401.WebTechIOSAppUITests;
				PRODUCT_NAME = "$(TARGET_NAME)";
				SWIFT_EMIT_LOC_STRINGS = NO;
				SWIFT_VERSION = 5.0;
				TARGETED_DEVICE_FAMILY = "1,2";
				TEST_TARGET_NAME = WebTechIOSApp;
			};
			name = Release;
		};
/* End XCBuildConfiguration section */

/* Begin XCConfigurationList section */
		3A12E7522BC63299006CC551 /* Build configuration list for PBXProject "WebTechIOSApp" */ = {
			isa = XCConfigurationList;
			buildConfigurations = (
				3A12E7792BC6329D006CC551 /* Debug */,
				3A12E77A2BC6329D006CC551 /* Release */,
			);
			defaultConfigurationIsVisible = 0;
			defaultConfigurationName = Release;
		};
		3A12E77B2BC6329D006CC551 /* Build configuration list for PBXNativeTarget "WebTechIOSApp" */ = {
			isa = XCConfigurationList;
			buildConfigurations = (
				3A12E77C2BC6329D006CC551 /* Debug */,
				3A12E77D2BC6329D006CC551 /* Release */,
			);
			defaultConfigurationIsVisible = 0;
			defaultConfigurationName = Release;
		};
		3A12E77E2BC6329D006CC551 /* Build configuration list for PBXNativeTarget "WebTechIOSAppTests" */ = {
			isa = XCConfigurationList;
			buildConfigurations = (
				3A12E77F2BC6329D006CC551 /* Debug */,
				3A12E7802BC6329D006CC551 /* Release */,
			);
			defaultConfigurationIsVisible = 0;
			defaultConfigurationName = Release;
		};
		3A12E7812BC6329D006CC551 /* Build configuration list for PBXNativeTarget "WebTechIOSAppUITests" */ = {
			isa = XCConfigurationList;
			buildConfigurations = (
				3A12E7822BC6329D006CC551 /* Debug */,
				3A12E7832BC6329D006CC551 /* Release */,
			);
			defaultConfigurationIsVisible = 0;
			defaultConfigurationName = Release;
		};
/* End XCConfigurationList section */
	};
	rootObject = 3A12E74F2BC63299006CC551 /* Project object */;
}
